
Microsoft Visual Studio Solution File, Format Version 12.00
# Visual Studio 15
VisualStudioVersion = 15.0.28010.2046
MinimumVisualStudioVersion = 10.0.40219.1
Project("{FAE04EC0-301F-11D3-BF4B-00C04F79EFBC}") = "HelloWorld", "HelloWorld\HelloWorld.csproj", "{055DE91B-D5E4-42EC-A8DD-B59C89D9F372}"
EndProject
Global
	GlobalSection(SolutionConfigurationPlatforms) = preSolution
		Debug|Any CPU = Debug|Any CPU
		Release|Any CPU = Release|Any CPU
	EndGlobalSection
	GlobalSection(ProjectConfigurationPlatforms) = postSolution
		{055DE91B-D5E4-42EC-A8DD-B59C89D9F372}.Debug|Any CPU.ActiveCfg = Debug|Any CPU
		{055DE91B-D5E4-42EC-A8DD-B59C89D9F372}.Debug|Any CPU.Build.0 = Debug|Any CPU
		{055DE91B-D5E4-42EC-A8DD-B59C89D9F372}.Release|Any CPU.ActiveCfg = Release|Any CPU
		{055DE91B-D5E4-42EC-A8DD-B59C89D9F372}.Release|Any CPU.Build.0 = Release|Any CPU
	EndGlobalSection
	GlobalSection(SolutionProperties) = preSolution
		HideSolutionNode = FALSE
	EndGlobalSection
	GlobalSection(ExtensibilityGlobals) = postSolution
		SolutionGuid = {2AE3F81E-96E9-4517-8AEA-1D9C628A56D0}
	EndGlobalSection
EndGlobal
